speakeasyVersion: 1.593.0
sources:
    api:
        sourceNamespace: api
        sourceRevisionDigest: sha256:c46c7b5cfcced8b2a663d7029883cd791b7fa066753481947e69f61708f2d372
        sourceBlobDigest: sha256:4374fac9888384537a315ae3e9d9f87be1323215dd67a5a78988dd24ccf86e4b
        tags:
            - latest
            - speakeasy-sdk-regen-1753970121
            - 2.0.0
targets:
    api-go:
        source: api
        sourceNamespace: api
        sourceRevisionDigest: sha256:4d5e3d9962e2dd54f50c72022e2105eea5e45c8b126a880593d14bea9ec2c245
        sourceBlobDigest: sha256:6d16864099e145a7fb731b2d46a9ae642dd46485b5522d81ea7681feb8ff48ec
        codeSamplesNamespace: api-go-code-samples
        codeSamplesRevisionDigest: sha256:ec2833eb0f42b4f0218a054ba776c8a0c0da8ca6964b289eb0c9e487e9501fe1
    api-py:
        source: api
        sourceNamespace: api
        sourceRevisionDigest: sha256:e97dd711ce1c293625651e24a98c36834efd13fed0229a94071b78981d296fcc
        sourceBlobDigest: sha256:4c172c8ad7a09aac2d61f896decd51ced672868f9051c226a1615657ade37d98
        codeSamplesNamespace: api-python-code-samples
        codeSamplesRevisionDigest: sha256:4e7cad14258199122da9308738238d013694b637e4e3a8629488ba175f6d37bd
    api-ts:
        source: api
        sourceNamespace: api
        sourceRevisionDigest: sha256:c46c7b5cfcced8b2a663d7029883cd791b7fa066753481947e69f61708f2d372
        sourceBlobDigest: sha256:4374fac9888384537a315ae3e9d9f87be1323215dd67a5a78988dd24ccf86e4b
        codeSamplesNamespace: api-typescript-code-samples
        codeSamplesRevisionDigest: sha256:f8cb33fb5ab1a267f40b7915f6c0d16d3917007ed09457303ff6f8146022e7d4
workflow:
    workflowVersion: 1.0.0
    speakeasyVersion: latest
    sources:
        api:
            inputs:
                - location: https://raw.githubusercontent.com/unkeyed/unkey/refs/heads/main/go/apps/api/openapi/openapi-generated.yaml
            registry:
                location: registry.speakeasyapi.dev/unkey/unkey/api
    targets:
        api-go:
            target: go
            source: api
            output: ./api/go
            codeSamples:
                registry:
                    location: registry.speakeasyapi.dev/unkey/unkey/api-go-code-samples
                labelOverride:
                    fixedValue: Go (SDK)
                blocking: false
        api-py:
            target: python
            source: api
            output: ./api/py
            publish:
                pypi:
                    token: $pypi_token
            codeSamples:
                registry:
                    location: registry.speakeasyapi.dev/unkey/unkey/api-python-code-samples
                labelOverride:
                    fixedValue: Python (SDK)
                blocking: false
        api-ts:
            target: typescript
            source: api
            output: ./api/ts
            publish:
                npm:
                    token: $npm_token
            codeSamples:
                registry:
                    location: registry.speakeasyapi.dev/unkey/unkey/api-typescript-code-samples
                labelOverride:
                    fixedValue: Typescript (SDK)
                blocking: false
