speakeasyVersion: 1.658.1
sources:
    api:
        sourceNamespace: api
        sourceRevisionDigest: sha256:10b8a048055dfc9d58ac623b9b90d278c66d00da8010213fd3d440a4ca5fba49
        sourceBlobDigest: sha256:14e05bc1fd79c31e33dfca1d363b1be532c37dffae7aed2b82440d95ff4f0cf4
        tags:
            - latest
            - speakeasy-sdk-regen-1763166493
            - 2.0.0
    api-python:
        sourceNamespace: api-python
        sourceRevisionDigest: sha256:a85034f4ce3964818526db6e684fe76c8e0af7d3fcebc2a248215e7b1fc4d897
        sourceBlobDigest: sha256:091dd9d1356fbfe21c846893217971d8093df02bfb9f1e4171d0348a9ced6501
        tags:
            - latest
            - speakeasy-sdk-regen-fix-disable-pyright-1763375744
            - 2.0.0
targets:
    api-go:
        source: api
        sourceNamespace: api
        sourceRevisionDigest: sha256:d53696d49e82e71398423026b7805b3b786556aeeaa23651d4795ab441bb3146
        sourceBlobDigest: sha256:ea16672bb25c37b64f5960f85e644921e95e47a9f8cac39629e4ea503018a775
        codeSamplesNamespace: api-go-code-samples
        codeSamplesRevisionDigest: sha256:9075467a18b0c1cfbc5300ab088d5a664a531a02315239d41dc6449380ba4cae
    api-py:
        source: api-python
        sourceNamespace: api-python
        sourceRevisionDigest: sha256:a85034f4ce3964818526db6e684fe76c8e0af7d3fcebc2a248215e7b1fc4d897
        sourceBlobDigest: sha256:091dd9d1356fbfe21c846893217971d8093df02bfb9f1e4171d0348a9ced6501
        codeSamplesNamespace: api-python-code-samples
        codeSamplesRevisionDigest: sha256:09fda765571f21674ebdec2ae1a560bdf677e3f24ff34143e8a3f090adea70cb
    api-ts:
        source: api
        sourceNamespace: api
        sourceRevisionDigest: sha256:10b8a048055dfc9d58ac623b9b90d278c66d00da8010213fd3d440a4ca5fba49
        sourceBlobDigest: sha256:14e05bc1fd79c31e33dfca1d363b1be532c37dffae7aed2b82440d95ff4f0cf4
        codeSamplesNamespace: api-typescript-code-samples
        codeSamplesRevisionDigest: sha256:f7799870085717a772447b3faf08742a6e409ae7bd8ca8d33cb6f18a8aa2e20f
workflow:
    workflowVersion: 1.0.0
    speakeasyVersion: latest
    sources:
        api:
            inputs:
                - location: https://raw.githubusercontent.com/unkeyed/unkey/refs/heads/main/go/apps/api/openapi/openapi-generated.yaml
            registry:
                location: registry.speakeasyapi.dev/unkey/unkey/api
        api-python:
            inputs:
                - location: https://raw.githubusercontent.com/unkeyed/unkey/refs/heads/main/go/apps/api/openapi/openapi-generated.yaml
            overlays:
                - location: ./api/py/overlay.yaml
            registry:
                location: registry.speakeasyapi.dev/unkey/unkey/api-python
    targets:
        api-go:
            target: go
            source: api
            output: ./api/go
            codeSamples:
                registry:
                    location: registry.speakeasyapi.dev/unkey/unkey/api-go-code-samples
                labelOverride:
                    fixedValue: Go (SDK)
                blocking: false
        api-py:
            target: python
            source: api-python
            output: ./api/py
            publish:
                pypi:
                    token: $pypi_token
            codeSamples:
                registry:
                    location: registry.speakeasyapi.dev/unkey/unkey/api-python-code-samples
                labelOverride:
                    fixedValue: Python (SDK)
                blocking: false
        api-ts:
            target: typescript
            source: api
            output: ./api/ts
            publish:
                npm:
                    token: $npm_token
            codeSamples:
                registry:
                    location: registry.speakeasyapi.dev/unkey/unkey/api-typescript-code-samples
                labelOverride:
                    fixedValue: Typescript (SDK)
                blocking: false
